{
    "_readme": [
        "This file locks the dependencies of your project to a known state",
        "Read more about it at https://getcomposer.org/doc/01-basic-usage.md#composer-lock-the-lock-file",
        "This file is @generated automatically"
    ],
    "content-hash": "c1989d9036c98a49363a43ca615761af",
    "packages": [
        {
            "name": "nikic/php-parser",
            "version": "v4.0.0",
            "source": {
                "type": "git",
                "url": "https://github.com/nikic/PHP-Parser.git",
                "reference": "9c18e3db49fa469f5feffe40dbd7b1ec2b61e41f"
            },
            "dist": {
                "type": "zip",
                "url": "https://api.github.com/repos/nikic/PHP-Parser/zipball/9c18e3db49fa469f5feffe40dbd7b1ec2b61e41f",
                "reference": "9c18e3db49fa469f5feffe40dbd7b1ec2b61e41f",
                "shasum": ""
            },
            "require": {
                "ext-tokenizer": "*",
                "php": ">=7.0"
            },
            "require-dev": {
                "phpunit/phpunit": "^6.5 || ^7.0"
            },
            "bin": [
                "bin/php-parse"
            ],
            "type": "library",
            "extra": {
                "branch-alias": {
                    "dev-master": "4.0-dev"
                }
            },
            "autoload": {
                "psr-4": {
                    "PhpParser\\": "lib/PhpParser"
                }
            },
            "notification-url": "https://packagist.org/downloads/",
            "license": [
                "BSD-3-Clause"
            ],
            "authors": [
                {
                    "name": "Nikita Popov"
                }
            ],
            "description": "A PHP parser written in PHP",
            "keywords": [
                "parser",
                "php"
            ],
            "time": "2018-02-28T20:39:30+00:00"
        },
        {
            "name": "symfony/console",
            "version": "v4.0.6",
            "source": {
                "type": "git",
                "url": "https://github.com/symfony/console.git",
                "reference": "555c8dbe0ae9e561740451eabdbed2cc554b6a51"
            },
            "dist": {
                "type": "zip",
                "url": "https://api.github.com/repos/symfony/console/zipball/555c8dbe0ae9e561740451eabdbed2cc554b6a51",
                "reference": "555c8dbe0ae9e561740451eabdbed2cc554b6a51",
                "shasum": ""
            },
            "require": {
                "php": "^7.1.3",
                "symfony/polyfill-mbstring": "~1.0"
            },
            "conflict": {
                "symfony/dependency-injection": "<3.4",
                "symfony/process": "<3.3"
            },
            "require-dev": {
                "psr/log": "~1.0",
                "symfony/config": "~3.4|~4.0",
                "symfony/dependency-injection": "~3.4|~4.0",
                "symfony/event-dispatcher": "~3.4|~4.0",
                "symfony/lock": "~3.4|~4.0",
                "symfony/process": "~3.4|~4.0"
            },
            "suggest": {
                "psr/log": "For using the console logger",
                "symfony/event-dispatcher": "",
                "symfony/lock": "",
                "symfony/process": ""
            },
            "type": "library",
            "extra": {
                "branch-alias": {
                    "dev-master": "4.0-dev"
                }
            },
            "autoload": {
                "psr-4": {
                    "Symfony\\Component\\Console\\": ""
                },
                "exclude-from-classmap": [
                    "/Tests/"
                ]
            },
            "notification-url": "https://packagist.org/downloads/",
            "license": [
                "MIT"
            ],
            "authors": [
                {
                    "name": "Fabien Potencier",
                    "email": "fabien@symfony.com"
                },
                {
                    "name": "Symfony Community",
                    "homepage": "https://symfony.com/contributors"
                }
            ],
            "description": "Symfony Console Component",
            "homepage": "https://symfony.com",
            "time": "2018-02-26T15:55:47+00:00"
        },
        {
            "name": "symfony/polyfill-mbstring",
            "version": "v1.7.0",
            "source": {
                "type": "git",
                "url": "https://github.com/symfony/polyfill-mbstring.git",
                "reference": "78be803ce01e55d3491c1397cf1c64beb9c1b63b"
            },
            "dist": {
                "type": "zip",
                "url": "https://api.github.com/repos/symfony/polyfill-mbstring/zipball/78be803ce01e55d3491c1397cf1c64beb9c1b63b",
                "reference": "78be803ce01e55d3491c1397cf1c64beb9c1b63b",
                "shasum": ""
            },
            "require": {
                "php": ">=5.3.3"
            },
            "suggest": {
                "ext-mbstring": "For best performance"
            },
            "type": "library",
            "extra": {
                "branch-alias": {
                    "dev-master": "1.7-dev"
                }
            },
            "autoload": {
                "psr-4": {
                    "Symfony\\Polyfill\\Mbstring\\": ""
                },
                "files": [
                    "bootstrap.php"
                ]
            },
            "notification-url": "https://packagist.org/downloads/",
            "license": [
                "MIT"
            ],
            "authors": [
                {
                    "name": "Nicolas Grekas",
                    "email": "p@tchwork.com"
                },
                {
                    "name": "Symfony Community",
                    "homepage": "https://symfony.com/contributors"
                }
            ],
            "description": "Symfony polyfill for the Mbstring extension",
            "homepage": "https://symfony.com",
            "keywords": [
                "compatibility",
                "mbstring",
                "polyfill",
                "portable",
                "shim"
            ],
            "time": "2018-01-30T19:27:44+00:00"
        }
    ],
    "packages-dev": [
        {
            "name": "pdepend/pdepend",
            "version": "2.5.2",
            "source": {
                "type": "git",
                "url": "https://github.com/pdepend/pdepend.git",
                "reference": "9daf26d0368d4a12bed1cacae1a9f3a6f0adf239"
            },
            "dist": {
                "type": "zip",
                "url": "https://api.github.com/repos/pdepend/pdepend/zipball/9daf26d0368d4a12bed1cacae1a9f3a6f0adf239",
                "reference": "9daf26d0368d4a12bed1cacae1a9f3a6f0adf239",
                "shasum": ""
            },
            "require": {
                "php": ">=5.3.7",
                "symfony/config": "^2.3.0|^3|^4",
                "symfony/dependency-injection": "^2.3.0|^3|^4",
                "symfony/filesystem": "^2.3.0|^3|^4"
            },
            "require-dev": {
                "phpunit/phpunit": "^4.8|^5.7",
                "squizlabs/php_codesniffer": "^2.0.0"
            },
            "bin": [
                "src/bin/pdepend"
            ],
            "type": "library",
            "autoload": {
                "psr-4": {
                    "PDepend\\": "src/main/php/PDepend"
                }
            },
            "notification-url": "https://packagist.org/downloads/",
            "license": [
                "BSD-3-Clause"
            ],
            "description": "Official version of pdepend to be handled with Composer",
            "time": "2017-12-13T13:21:38+00:00"
        },
        {
            "name": "phploc/phploc",
            "version": "2.0.5",
            "source": {
                "type": "git",
                "url": "https://github.com/sebastianbergmann/phploc.git",
                "reference": "d177c22e2a08e448f7bdfa762045f7bd086834d7"
            },
            "dist": {
                "type": "zip",
                "url": "https://api.github.com/repos/sebastianbergmann/phploc/zipball/d177c22e2a08e448f7bdfa762045f7bd086834d7",
                "reference": "d177c22e2a08e448f7bdfa762045f7bd086834d7",
                "shasum": ""
            },
            "require": {
                "php": ">=5.3.3",
                "sebastian/finder-facade": ">=1.1.0",
                "sebastian/git": ">=1.0.0",
                "sebastian/version": ">=1.0.3",
                "symfony/console": ">=2.2.0"
            },
            "bin": [
                "phploc"
            ],
            "type": "library",
            "extra": {
                "branch-alias": {
                    "dev-master": "2.0-dev"
                }
            },
            "autoload": {
                "classmap": [
                    "src/"
                ]
            },
            "notification-url": "https://packagist.org/downloads/",
            "license": [
                "BSD-3-Clause"
            ],
            "authors": [
                {
                    "name": "Sebastian Bergmann",
                    "email": "sebastian@phpunit.de",
                    "role": "lead"
                }
            ],
            "description": "A tool for quickly measuring the size of a PHP project.",
            "homepage": "https://github.com/sebastianbergmann/phploc",
            "time": "2014-04-27T06:47:27+00:00"
        },
        {
            "name": "phpmd/phpmd",
            "version": "2.6.0",
            "source": {
                "type": "git",
                "url": "https://github.com/phpmd/phpmd.git",
                "reference": "4e9924b2c157a3eb64395460fcf56b31badc8374"
            },
            "dist": {
                "type": "zip",
                "url": "https://api.github.com/repos/phpmd/phpmd/zipball/4e9924b2c157a3eb64395460fcf56b31badc8374",
                "reference": "4e9924b2c157a3eb64395460fcf56b31badc8374",
                "shasum": ""
            },
            "require": {
                "ext-xml": "*",
                "pdepend/pdepend": "^2.5",
                "php": ">=5.3.9"
            },
            "require-dev": {
                "phpunit/phpunit": "^4.0",
                "squizlabs/php_codesniffer": "^2.0"
            },
            "bin": [
                "src/bin/phpmd"
            ],
            "type": "project",
            "autoload": {
                "psr-0": {
                    "PHPMD\\": "src/main/php"
                }
            },
            "notification-url": "https://packagist.org/downloads/",
            "license": [
                "BSD-3-Clause"
            ],
            "authors": [
                {
                    "name": "Manuel Pichler",
                    "email": "github@manuel-pichler.de",
                    "homepage": "https://github.com/manuelpichler",
                    "role": "Project Founder"
                },
                {
                    "name": "Other contributors",
                    "homepage": "https://github.com/phpmd/phpmd/graphs/contributors",
                    "role": "Contributors"
                },
                {
                    "name": "Marc Würth",
                    "email": "ravage@bluewin.ch",
                    "homepage": "https://github.com/ravage84",
                    "role": "Project Maintainer"
                }
            ],
            "description": "PHPMD is a spin-off project of PHP Depend and aims to be a PHP equivalent of the well known Java tool PMD.",
            "homepage": "http://phpmd.org/",
            "keywords": [
                "mess detection",
                "mess detector",
                "pdepend",
                "phpmd",
                "pmd"
            ],
            "time": "2017-01-20T14:41:10+00:00"
        },
        {
            "name": "psr/container",
            "version": "1.0.0",
            "source": {
                "type": "git",
                "url": "https://github.com/php-fig/container.git",
                "reference": "b7ce3b176482dbbc1245ebf52b181af44c2cf55f"
            },
            "dist": {
                "type": "zip",
                "url": "https://api.github.com/repos/php-fig/container/zipball/b7ce3b176482dbbc1245ebf52b181af44c2cf55f",
                "reference": "b7ce3b176482dbbc1245ebf52b181af44c2cf55f",
                "shasum": ""
            },
            "require": {
                "php": ">=5.3.0"
            },
            "type": "library",
            "extra": {
                "branch-alias": {
                    "dev-master": "1.0.x-dev"
                }
            },
            "autoload": {
                "psr-4": {
                    "Psr\\Container\\": "src/"
                }
            },
            "notification-url": "https://packagist.org/downloads/",
            "license": [
                "MIT"
            ],
            "authors": [
                {
                    "name": "PHP-FIG",
                    "homepage": "http://www.php-fig.org/"
                }
            ],
            "description": "Common Container Interface (PHP FIG PSR-11)",
            "homepage": "https://github.com/php-fig/container",
            "keywords": [
                "PSR-11",
                "container",
                "container-interface",
                "container-interop",
                "psr"
            ],
            "time": "2017-02-14T16:28:37+00:00"
        },
        {
            "name": "sebastian/finder-facade",
            "version": "1.2.2",
            "source": {
                "type": "git",
                "url": "https://github.com/sebastianbergmann/finder-facade.git",
                "reference": "4a3174709c2dc565fe5fb26fcf827f6a1fc7b09f"
            },
            "dist": {
                "type": "zip",
                "url": "https://api.github.com/repos/sebastianbergmann/finder-facade/zipball/4a3174709c2dc565fe5fb26fcf827f6a1fc7b09f",
                "reference": "4a3174709c2dc565fe5fb26fcf827f6a1fc7b09f",
                "shasum": ""
            },
            "require": {
                "symfony/finder": "~2.3|~3.0|~4.0",
                "theseer/fdomdocument": "~1.3"
            },
            "type": "library",
            "autoload": {
                "classmap": [
                    "src/"
                ]
            },
            "notification-url": "https://packagist.org/downloads/",
            "license": [
                "BSD-3-Clause"
            ],
            "authors": [
                {
                    "name": "Sebastian Bergmann",
                    "email": "sebastian@phpunit.de",
                    "role": "lead"
                }
            ],
            "description": "FinderFacade is a convenience wrapper for Symfony's Finder component.",
            "homepage": "https://github.com/sebastianbergmann/finder-facade",
            "time": "2017-11-18T17:31:49+00:00"
        },
        {
            "name": "sebastian/git",
            "version": "2.1.4",
            "source": {
                "type": "git",
                "url": "https://github.com/sebastianbergmann/git.git",
                "reference": "815bbbc963cf35e5413df195aa29df58243ecd24"
            },
            "dist": {
                "type": "zip",
                "url": "https://api.github.com/repos/sebastianbergmann/git/zipball/815bbbc963cf35e5413df195aa29df58243ecd24",
                "reference": "815bbbc963cf35e5413df195aa29df58243ecd24",
                "shasum": ""
            },
            "require": {
                "php": ">=5.3.3"
            },
            "type": "library",
            "extra": {
                "branch-alias": {
                    "dev-master": "2.1-dev"
                }
            },
            "autoload": {
                "classmap": [
                    "src/"
                ]
            },
            "notification-url": "https://packagist.org/downloads/",
            "license": [
                "BSD-3-Clause"
            ],
            "authors": [
                {
                    "name": "Sebastian Bergmann",
                    "email": "sebastian@phpunit.de"
                }
            ],
            "description": "Simple wrapper for Git",
            "homepage": "http://www.github.com/sebastianbergmann/git",
            "keywords": [
                "git"
            ],
            "abandoned": true,
            "time": "2017-01-23T20:57:12+00:00"
        },
        {
            "name": "sebastian/version",
            "version": "2.0.1",
            "source": {
                "type": "git",
                "url": "https://github.com/sebastianbergmann/version.git",
                "reference": "99732be0ddb3361e16ad77b68ba41efc8e979019"
            },
            "dist": {
                "type": "zip",
                "url": "https://api.github.com/repos/sebastianbergmann/version/zipball/99732be0ddb3361e16ad77b68ba41efc8e979019",
                "reference": "99732be0ddb3361e16ad77b68ba41efc8e979019",
                "shasum": ""
            },
            "require": {
                "php": ">=5.6"
            },
            "type": "library",
            "extra": {
                "branch-alias": {
                    "dev-master": "2.0.x-dev"
                }
            },
            "autoload": {
                "classmap": [
                    "src/"
                ]
            },
            "notification-url": "https://packagist.org/downloads/",
            "license": [
                "BSD-3-Clause"
            ],
            "authors": [
                {
                    "name": "Sebastian Bergmann",
                    "email": "sebastian@phpunit.de",
                    "role": "lead"
                }
            ],
            "description": "Library that helps with managing the version number of Git-hosted PHP projects",
            "homepage": "https://github.com/sebastianbergmann/version",
            "time": "2016-10-03T07:35:21+00:00"
        },
        {
            "name": "squizlabs/php_codesniffer",
            "version": "1.5.6",
            "source": {
                "type": "git",
                "url": "https://github.com/squizlabs/PHP_CodeSniffer.git",
                "reference": "6f3e42d311b882b25b4d409d23a289f4d3b803d5"
            },
            "dist": {
                "type": "zip",
                "url": "https://api.github.com/repos/squizlabs/PHP_CodeSniffer/zipball/6f3e42d311b882b25b4d409d23a289f4d3b803d5",
                "reference": "6f3e42d311b882b25b4d409d23a289f4d3b803d5",
                "shasum": ""
            },
            "require": {
                "ext-tokenizer": "*",
                "php": ">=5.1.2"
            },
            "suggest": {
                "phpunit/php-timer": "dev-master"
            },
            "bin": [
                "scripts/phpcs"
            ],
            "type": "library",
            "extra": {
                "branch-alias": {
                    "dev-phpcs-fixer": "2.0.x-dev"
                }
            },
            "autoload": {
                "classmap": [
                    "CodeSniffer.php",
                    "CodeSniffer/CLI.php",
                    "CodeSniffer/Exception.php",
                    "CodeSniffer/File.php",
                    "CodeSniffer/Report.php",
                    "CodeSniffer/Reporting.php",
                    "CodeSniffer/Sniff.php",
                    "CodeSniffer/Tokens.php",
                    "CodeSniffer/Reports/",
                    "CodeSniffer/CommentParser/",
                    "CodeSniffer/Tokenizers/",
                    "CodeSniffer/DocGenerators/",
                    "CodeSniffer/Standards/AbstractPatternSniff.php",
                    "CodeSniffer/Standards/AbstractScopeSniff.php",
                    "CodeSniffer/Standards/AbstractVariableSniff.php",
                    "CodeSniffer/Standards/IncorrectPatternException.php",
                    "CodeSniffer/Standards/Generic/Sniffs/",
                    "CodeSniffer/Standards/MySource/Sniffs/",
                    "CodeSniffer/Standards/PEAR/Sniffs/",
                    "CodeSniffer/Standards/PSR1/Sniffs/",
                    "CodeSniffer/Standards/PSR2/Sniffs/",
                    "CodeSniffer/Standards/Squiz/Sniffs/",
                    "CodeSniffer/Standards/Zend/Sniffs/"
                ]
            },
            "notification-url": "https://packagist.org/downloads/",
            "license": [
                "BSD-3-Clause"
            ],
            "authors": [
                {
                    "name": "Greg Sherwood",
                    "role": "lead"
                }
            ],
            "description": "PHP_CodeSniffer tokenises PHP, JavaScript and CSS files and detects violations of a defined set of coding standards.",
            "homepage": "http://www.squizlabs.com/php-codesniffer",
            "keywords": [
                "phpcs",
                "standards"
            ],
            "time": "2014-12-04T22:32:15+00:00"
        },
        {
            "name": "symfony/config",
            "version": "v4.0.6",
            "source": {
                "type": "git",
                "url": "https://github.com/symfony/config.git",
                "reference": "289eadd3771f7682ea2540e4925861c18ec5b4d0"
            },
            "dist": {
                "type": "zip",
                "url": "https://api.github.com/repos/symfony/config/zipball/289eadd3771f7682ea2540e4925861c18ec5b4d0",
                "reference": "289eadd3771f7682ea2540e4925861c18ec5b4d0",
                "shasum": ""
            },
            "require": {
                "php": "^7.1.3",
                "symfony/filesystem": "~3.4|~4.0"
            },
            "conflict": {
                "symfony/finder": "<3.4"
            },
            "require-dev": {
                "symfony/dependency-injection": "~3.4|~4.0",
                "symfony/event-dispatcher": "~3.4|~4.0",
                "symfony/finder": "~3.4|~4.0",
                "symfony/yaml": "~3.4|~4.0"
            },
            "suggest": {
                "symfony/yaml": "To use the yaml reference dumper"
            },
            "type": "library",
            "extra": {
                "branch-alias": {
                    "dev-master": "4.0-dev"
                }
            },
            "autoload": {
                "psr-4": {
                    "Symfony\\Component\\Config\\": ""
                },
                "exclude-from-classmap": [
                    "/Tests/"
                ]
            },
            "notification-url": "https://packagist.org/downloads/",
            "license": [
                "MIT"
            ],
            "authors": [
                {
                    "name": "Fabien Potencier",
                    "email": "fabien@symfony.com"
                },
                {
                    "name": "Symfony Community",
                    "homepage": "https://symfony.com/contributors"
                }
            ],
            "description": "Symfony Config Component",
            "homepage": "https://symfony.com",
            "time": "2018-02-04T16:43:51+00:00"
        },
        {
            "name": "symfony/dependency-injection",
            "version": "v4.0.6",
            "source": {
                "type": "git",
                "url": "https://github.com/symfony/dependency-injection.git",
                "reference": "93ad14f124beacf16894b64bb5b3cdd5b4367e38"
            },
            "dist": {
                "type": "zip",
                "url": "https://api.github.com/repos/symfony/dependency-injection/zipball/93ad14f124beacf16894b64bb5b3cdd5b4367e38",
                "reference": "93ad14f124beacf16894b64bb5b3cdd5b4367e38",
                "shasum": ""
            },
            "require": {
                "php": "^7.1.3",
                "psr/container": "^1.0"
            },
            "conflict": {
                "symfony/config": "<3.4",
                "symfony/finder": "<3.4",
                "symfony/proxy-manager-bridge": "<3.4",
                "symfony/yaml": "<3.4"
            },
            "provide": {
                "psr/container-implementation": "1.0"
            },
            "require-dev": {
                "symfony/config": "~3.4|~4.0",
                "symfony/expression-language": "~3.4|~4.0",
                "symfony/yaml": "~3.4|~4.0"
            },
            "suggest": {
                "symfony/config": "",
                "symfony/expression-language": "For using expressions in service container configuration",
                "symfony/finder": "For using double-star glob patterns or when GLOB_BRACE portability is required",
                "symfony/proxy-manager-bridge": "Generate service proxies to lazy load them",
                "symfony/yaml": ""
            },
            "type": "library",
            "extra": {
                "branch-alias": {
                    "dev-master": "4.0-dev"
                }
            },
            "autoload": {
                "psr-4": {
                    "Symfony\\Component\\DependencyInjection\\": ""
                },
                "exclude-from-classmap": [
                    "/Tests/"
                ]
            },
            "notification-url": "https://packagist.org/downloads/",
            "license": [
                "MIT"
            ],
            "authors": [
                {
                    "name": "Fabien Potencier",
                    "email": "fabien@symfony.com"
                },
                {
                    "name": "Symfony Community",
                    "homepage": "https://symfony.com/contributors"
                }
            ],
            "description": "Symfony DependencyInjection Component",
            "homepage": "https://symfony.com",
            "time": "2018-03-05T18:28:26+00:00"
        },
        {
            "name": "symfony/filesystem",
            "version": "v4.0.6",
            "source": {
                "type": "git",
                "url": "https://github.com/symfony/filesystem.git",
                "reference": "5d2d655b2c72fc4d9bf7e9bf14f72a447b940f21"
            },
            "dist": {
                "type": "zip",
                "url": "https://api.github.com/repos/symfony/filesystem/zipball/5d2d655b2c72fc4d9bf7e9bf14f72a447b940f21",
                "reference": "5d2d655b2c72fc4d9bf7e9bf14f72a447b940f21",
                "shasum": ""
            },
            "require": {
                "php": "^7.1.3"
            },
            "type": "library",
            "extra": {
                "branch-alias": {
                    "dev-master": "4.0-dev"
                }
            },
            "autoload": {
                "psr-4": {
                    "Symfony\\Component\\Filesystem\\": ""
                },
                "exclude-from-classmap": [
                    "/Tests/"
                ]
            },
            "notification-url": "https://packagist.org/downloads/",
            "license": [
                "MIT"
            ],
            "authors": [
                {
                    "name": "Fabien Potencier",
                    "email": "fabien@symfony.com"
                },
                {
                    "name": "Symfony Community",
                    "homepage": "https://symfony.com/contributors"
                }
            ],
            "description": "Symfony Filesystem Component",
            "homepage": "https://symfony.com",
            "time": "2018-02-22T10:50:29+00:00"
        },
        {
            "name": "symfony/finder",
            "version": "v4.0.6",
            "source": {
                "type": "git",
                "url": "https://github.com/symfony/finder.git",
                "reference": "44a796d2ecc2a16a5fc8f2956a34ee617934d55f"
            },
            "dist": {
                "type": "zip",
                "url": "https://api.github.com/repos/symfony/finder/zipball/44a796d2ecc2a16a5fc8f2956a34ee617934d55f",
                "reference": "44a796d2ecc2a16a5fc8f2956a34ee617934d55f",
                "shasum": ""
            },
            "require": {
                "php": "^7.1.3"
            },
            "type": "library",
            "extra": {
                "branch-alias": {
                    "dev-master": "4.0-dev"
                }
            },
            "autoload": {
                "psr-4": {
                    "Symfony\\Component\\Finder\\": ""
                },
                "exclude-from-classmap": [
                    "/Tests/"
                ]
            },
            "notification-url": "https://packagist.org/downloads/",
            "license": [
                "MIT"
            ],
            "authors": [
                {
                    "name": "Fabien Potencier",
                    "email": "fabien@symfony.com"
                },
                {
                    "name": "Symfony Community",
                    "homepage": "https://symfony.com/contributors"
                }
            ],
            "description": "Symfony Finder Component",
            "homepage": "https://symfony.com",
            "time": "2018-03-05T18:28:26+00:00"
        },
        {
            "name": "theseer/fdomdocument",
            "version": "1.6.6",
            "source": {
                "type": "git",
                "url": "https://github.com/theseer/fDOMDocument.git",
                "reference": "6e8203e40a32a9c770bcb62fe37e68b948da6dca"
            },
            "dist": {
                "type": "zip",
                "url": "https://api.github.com/repos/theseer/fDOMDocument/zipball/6e8203e40a32a9c770bcb62fe37e68b948da6dca",
                "reference": "6e8203e40a32a9c770bcb62fe37e68b948da6dca",
                "shasum": ""
            },
            "require": {
                "ext-dom": "*",
                "lib-libxml": "*",
                "php": ">=5.3.3"
            },
            "type": "library",
            "autoload": {
                "classmap": [
                    "src/"
                ]
            },
            "notification-url": "https://packagist.org/downloads/",
            "license": [
                "BSD-3-Clause"
            ],
            "authors": [
                {
                    "name": "Arne Blankerts",
                    "email": "arne@blankerts.de",
                    "role": "lead"
                }
            ],
            "description": "The classes contained within this repository extend the standard DOM to use exceptions at all occasions of errors instead of PHP warnings or notices. They also add various custom methods and shortcuts for convenience and to simplify the usage of DOM.",
            "homepage": "https://github.com/theseer/fDOMDocument",
            "time": "2017-06-30T11:53:12+00:00"
        }
    ],
    "aliases": [],
    "minimum-stability": "stable",
    "stability-flags": [],
    "prefer-stable": false,
    "prefer-lowest": false,
    "platform": {
        "php": ">=7.1"
    },
    "platform-dev": []
}
